
Microsoft Visual Studio Solution File, Format Version 12.00
# Visual Studio Version 17
VisualStudioVersion = 17.14.36327.8
MinimumVisualStudioVersion = 10.0.40219.1
Project("{FAE04EC0-301F-11D3-BF4B-00C04F79EFBC}") = "osu-Bridge.Core", "osu-Bridge.Core\osu-Bridge.Core.csproj", "{AC2B3D86-19AB-44B6-95C5-25F732EC0460}"
EndProject
Project("{FAE04EC0-301F-11D3-BF4B-00C04F79EFBC}") = "osu-Bridge.Cui", "osu-Bridge.Console\osu-Bridge.Cui.csproj", "{D7E4C920-6F56-4E89-BEEF-97FF00463B60}"
EndProject
Project("{FAE04EC0-301F-11D3-BF4B-00C04F79EFBC}") = "osu-Bridge.WinForm", "osu-Bridge.WinForm\osu-Bridge.WinForm.csproj", "{517EDBF4-DBEF-4E18-B2F9-F7109B61F253}"
EndProject
Global
	GlobalSection(SolutionConfigurationPlatforms) = preSolution
		Debug|Any CPU = Debug|Any CPU
		Release|Any CPU = Release|Any CPU
	EndGlobalSection
	GlobalSection(ProjectConfigurationPlatforms) = postSolution
		{AC2B3D86-19AB-44B6-95C5-25F732EC0460}.Debug|Any CPU.ActiveCfg = Debug|Any CPU
		{AC2B3D86-19AB-44B6-95C5-25F732EC0460}.Debug|Any CPU.Build.0 = Debug|Any CPU
		{AC2B3D86-19AB-44B6-95C5-25F732EC0460}.Release|Any CPU.ActiveCfg = Release|Any CPU
		{AC2B3D86-19AB-44B6-95C5-25F732EC0460}.Release|Any CPU.Build.0 = Release|Any CPU
		{D7E4C920-6F56-4E89-BEEF-97FF00463B60}.Debug|Any CPU.ActiveCfg = Debug|Any CPU
		{D7E4C920-6F56-4E89-BEEF-97FF00463B60}.Debug|Any CPU.Build.0 = Debug|Any CPU
		{D7E4C920-6F56-4E89-BEEF-97FF00463B60}.Release|Any CPU.ActiveCfg = Release|Any CPU
		{D7E4C920-6F56-4E89-BEEF-97FF00463B60}.Release|Any CPU.Build.0 = Release|Any CPU
		{517EDBF4-DBEF-4E18-B2F9-F7109B61F253}.Debug|Any CPU.ActiveCfg = Debug|Any CPU
		{517EDBF4-DBEF-4E18-B2F9-F7109B61F253}.Debug|Any CPU.Build.0 = Debug|Any CPU
		{517EDBF4-DBEF-4E18-B2F9-F7109B61F253}.Release|Any CPU.ActiveCfg = Release|Any CPU
		{517EDBF4-DBEF-4E18-B2F9-F7109B61F253}.Release|Any CPU.Build.0 = Release|Any CPU
	EndGlobalSection
	GlobalSection(SolutionProperties) = preSolution
		HideSolutionNode = FALSE
	EndGlobalSection
	GlobalSection(ExtensibilityGlobals) = postSolution
		SolutionGuid = {28204DC1-2D44-4374-878D-CBC2966ADB8C}
	EndGlobalSection
EndGlobal
